// !$*UTF8*$!
{
	archiveVersion = 1;
	classes = {
	};
	objectVersion = 46;
	objects = {

/* Begin PBXBuildFile section */
		755FFB691EC2A99600639597 /* CoreTextImageData.m in Sources */ = {isa = PBXBuildFile; fileRef = 755FFB681EC2A99600639597 /* CoreTextImageData.m */; };
		758E44521EBEE406003E3ED2 /* YYCoreTextData.m in Sources */ = {isa = PBXBuildFile; fileRef = 758E44511EBEE406003E3ED2 /* YYCoreTextData.m */; };
		758E44541EBF3ED8003E3ED2 /* content.json in Resources */ = {isa = PBXBuildFile; fileRef = 758E44531EBF3ED8003E3ED2 /* content.json */; };
		758E44571EBF40C6003E3ED2 /* DisplayTextView.m in Sources */ = {isa = PBXBuildFile; fileRef = 758E44561EBF40C6003E3ED2 /* DisplayTextView.m */; };
		758E445A1EBF4241003E3ED2 /* DisplayTextField.m in Sources */ = {isa = PBXBuildFile; fileRef = 758E44591EBF4241003E3ED2 /* DisplayTextField.m */; };
		75B7B0431EBECA03008DE005 /* NSObject+FrameAdjust.m in Sources */ = {isa = PBXBuildFile; fileRef = 75B7B0421EBECA03008DE005 /* NSObject+FrameAdjust.m */; };
		75B7B0471EBED086008DE005 /* YYFrameParserConfig.m in Sources */ = {isa = PBXBuildFile; fileRef = 75B7B0461EBED086008DE005 /* YYFrameParserConfig.m */; };
		75B7B04A1EBED0C6008DE005 /* YYFrameParser.m in Sources */ = {isa = PBXBuildFile; fileRef = 75B7B0491EBED0C6008DE005 /* YYFrameParser.m */; };
		75D35B031EBD4B28007B5AAA /* main.m in Sources */ = {isa = PBXBuildFile; fileRef = 75D35B021EBD4B28007B5AAA /* main.m */; };
		75D35B061EBD4B28007B5AAA /* AppDelegate.m in Sources */ = {isa = PBXBuildFile; fileRef = 75D35B051EBD4B28007B5AAA /* AppDelegate.m */; };
		75D35B091EBD4B28007B5AAA /* ViewController.m in Sources */ = {isa = PBXBuildFile; fileRef = 75D35B081EBD4B28007B5AAA /* ViewController.m */; };
		75D35B0C1EBD4B28007B5AAA /* Main.storyboard in Resources */ = {isa = PBXBuildFile; fileRef = 75D35B0A1EBD4B28007B5AAA /* Main.storyboard */; };
		75D35B0E1EBD4B28007B5AAA /* Assets.xcassets in Resources */ = {isa = PBXBuildFile; fileRef = 75D35B0D1EBD4B28007B5AAA /* Assets.xcassets */; };
		75D35B111EBD4B28007B5AAA /* LaunchScreen.storyboard in Resources */ = {isa = PBXBuildFile; fileRef = 75D35B0F1EBD4B28007B5AAA /* LaunchScreen.storyboard */; };
		75D35B1A1EBD4B3F007B5AAA /* DisplayView.m in Sources */ = {isa = PBXBuildFile; fileRef = 75D35B191EBD4B3F007B5AAA /* DisplayView.m */; };
/* End PBXBuildFile section */

/* Begin PBXFileReference section */
		755FFB671EC2A99600639597 /* CoreTextImageData.h */ = {isa = PBXFileReference; fileEncoding = 4; lastKnownFileType = sourcecode.c.h; path = CoreTextImageData.h; sourceTree = "<group>"; };
		755FFB681EC2A99600639597 /* CoreTextImageData.m */ = {isa = PBXFileReference; fileEncoding = 4; lastKnownFileType = sourcecode.c.objc; path = CoreTextImageData.m; sourceTree = "<group>"; };
		758E44501EBEE406003E3ED2 /* YYCoreTextData.h */ = {isa = PBXFileReference; fileEncoding = 4; lastKnownFileType = sourcecode.c.h; path = YYCoreTextData.h; sourceTree = "<group>"; };
		758E44511EBEE406003E3ED2 /* YYCoreTextData.m */ = {isa = PBXFileReference; fileEncoding = 4; lastKnownFileType = sourcecode.c.objc; path = YYCoreTextData.m; sourceTree = "<group>"; };
		758E44531EBF3ED8003E3ED2 /* content.json */ = {isa = PBXFileReference; fileEncoding = 4; lastKnownFileType = text.json; path = content.json; sourceTree = "<group>"; };
		758E44551EBF40C6003E3ED2 /* DisplayTextView.h */ = {isa = PBXFileReference; fileEncoding = 4; lastKnownFileType = sourcecode.c.h; path = DisplayTextView.h; sourceTree = "<group>"; };
		758E44561EBF40C6003E3ED2 /* DisplayTextView.m */ = {isa = PBXFileReference; fileEncoding = 4; lastKnownFileType = sourcecode.c.objc; path = DisplayTextView.m; sourceTree = "<group>"; };
		758E44581EBF4241003E3ED2 /* DisplayTextField.h */ = {isa = PBXFileReference; fileEncoding = 4; lastKnownFileType = sourcecode.c.h; path = DisplayTextField.h; sourceTree = "<group>"; };
		758E44591EBF4241003E3ED2 /* DisplayTextField.m */ = {isa = PBXFileReference; fileEncoding = 4; lastKnownFileType = sourcecode.c.objc; path = DisplayTextField.m; sourceTree = "<group>"; };
		75B7B03E1EBEC7A0008DE005 /* PrefixHeader.pch */ = {isa = PBXFileReference; lastKnownFileType = sourcecode.c.h; path = PrefixHeader.pch; sourceTree = "<group>"; };
		75B7B0411EBECA03008DE005 /* NSObject+FrameAdjust.h */ = {isa = PBXFileReference; fileEncoding = 4; lastKnownFileType = sourcecode.c.h; path = "NSObject+FrameAdjust.h"; sourceTree = "<group>"; };
		75B7B0421EBECA03008DE005 /* NSObject+FrameAdjust.m */ = {isa = PBXFileReference; fileEncoding = 4; lastKnownFileType = sourcecode.c.objc; path = "NSObject+FrameAdjust.m"; sourceTree = "<group>"; };
		75B7B0451EBED086008DE005 /* YYFrameParserConfig.h */ = {isa = PBXFileReference; fileEncoding = 4; lastKnownFileType = sourcecode.c.h; path = YYFrameParserConfig.h; sourceTree = "<group>"; };
		75B7B0461EBED086008DE005 /* YYFrameParserConfig.m */ = {isa = PBXFileReference; fileEncoding = 4; lastKnownFileType = sourcecode.c.objc; path = YYFrameParserConfig.m; sourceTree = "<group>"; };
		75B7B0481EBED0C6008DE005 /* YYFrameParser.h */ = {isa = PBXFileReference; fileEncoding = 4; lastKnownFileType = sourcecode.c.h; path = YYFrameParser.h; sourceTree = "<group>"; };
		75B7B0491EBED0C6008DE005 /* YYFrameParser.m */ = {isa = PBXFileReference; fileEncoding = 4; lastKnownFileType = sourcecode.c.objc; path = YYFrameParser.m; sourceTree = "<group>"; };
		75D35AFE1EBD4B28007B5AAA /* CoreText1.0.app */ = {isa = PBXFileReference; explicitFileType = wrapper.application; includeInIndex = 0; path = CoreText1.0.app; sourceTree = BUILT_PRODUCTS_DIR; };
		75D35B021EBD4B28007B5AAA /* main.m */ = {isa = PBXFileReference; lastKnownFileType = sourcecode.c.objc; path = main.m; sourceTree = "<group>"; };
		75D35B041EBD4B28007B5AAA /* AppDelegate.h */ = {isa = PBXFileReference; lastKnownFileType = sourcecode.c.h; path = AppDelegate.h; sourceTree = "<group>"; };
		75D35B051EBD4B28007B5AAA /* AppDelegate.m */ = {isa = PBXFileReference; lastKnownFileType = sourcecode.c.objc; path = AppDelegate.m; sourceTree = "<group>"; };
		75D35B071EBD4B28007B5AAA /* ViewController.h */ = {isa = PBXFileReference; lastKnownFileType = sourcecode.c.h; path = ViewController.h; sourceTree = "<group>"; };
		75D35B081EBD4B28007B5AAA /* ViewController.m */ = {isa = PBXFileReference; lastKnownFileType = sourcecode.c.objc; path = ViewController.m; sourceTree = "<group>"; };
		75D35B0B1EBD4B28007B5AAA /* Base */ = {isa = PBXFileReference; lastKnownFileType = file.storyboard; name = Base; path = Base.lproj/Main.storyboard; sourceTree = "<group>"; };
		75D35B0D1EBD4B28007B5AAA /* Assets.xcassets */ = {isa = PBXFileReference; lastKnownFileType = folder.assetcatalog; path = Assets.xcassets; sourceTree = "<group>"; };
		75D35B101EBD4B28007B5AAA /* Base */ = {isa = PBXFileReference; lastKnownFileType = file.storyboard; name = Base; path = Base.lproj/LaunchScreen.storyboard; sourceTree = "<group>"; };
		75D35B121EBD4B28007B5AAA /* Info.plist */ = {isa = PBXFileReference; lastKnownFileType = text.plist.xml; path = Info.plist; sourceTree = "<group>"; };
		75D35B181EBD4B3F007B5AAA /* DisplayView.h */ = {isa = PBXFileReference; fileEncoding = 4; lastKnownFileType = sourcecode.c.h; path = DisplayView.h; sourceTree = "<group>"; };
		75D35B191EBD4B3F007B5AAA /* DisplayView.m */ = {isa = PBXFileReference; fileEncoding = 4; lastKnownFileType = sourcecode.c.objc; path = DisplayView.m; sourceTree = "<group>"; };
/* End PBXFileReference section */

/* Begin PBXFrameworksBuildPhase section */
		75D35AFB1EBD4B28007B5AAA /* Frameworks */ = {
			isa = PBXFrameworksBuildPhase;
			buildActionMask = 2147483647;
			files = (
			);
			runOnlyForDeploymentPostprocessing = 0;
		};
/* End PBXFrameworksBuildPhase section */

/* Begin PBXGroup section */
		755FFB651EC2A32A00639597 /* Controller */ = {
			isa = PBXGroup;
			children = (
				75D35B071EBD4B28007B5AAA /* ViewController.h */,
				75D35B081EBD4B28007B5AAA /* ViewController.m */,
			);
			name = Controller;
			sourceTree = "<group>";
		};
		755FFB661EC2A34200639597 /* View */ = {
			isa = PBXGroup;
			children = (
				75D35B181EBD4B3F007B5AAA /* DisplayView.h */,
				75D35B191EBD4B3F007B5AAA /* DisplayView.m */,
				758E44551EBF40C6003E3ED2 /* DisplayTextView.h */,
				758E44561EBF40C6003E3ED2 /* DisplayTextView.m */,
				758E44581EBF4241003E3ED2 /* DisplayTextField.h */,
				758E44591EBF4241003E3ED2 /* DisplayTextField.m */,
			);
			name = View;
			sourceTree = "<group>";
		};
		75B7B03F1EBEC9AE008DE005 /* Category */ = {
			isa = PBXGroup;
			children = (
				75B7B0411EBECA03008DE005 /* NSObject+FrameAdjust.h */,
				75B7B0421EBECA03008DE005 /* NSObject+FrameAdjust.m */,
			);
			name = Category;
			sourceTree = "<group>";
		};
		75B7B0441EBED054008DE005 /* Model */ = {
			isa = PBXGroup;
			children = (
				75B7B0451EBED086008DE005 /* YYFrameParserConfig.h */,
				75B7B0461EBED086008DE005 /* YYFrameParserConfig.m */,
				75B7B0481EBED0C6008DE005 /* YYFrameParser.h */,
				75B7B0491EBED0C6008DE005 /* YYFrameParser.m */,
				758E44501EBEE406003E3ED2 /* YYCoreTextData.h */,
				758E44511EBEE406003E3ED2 /* YYCoreTextData.m */,
				755FFB671EC2A99600639597 /* CoreTextImageData.h */,
				755FFB681EC2A99600639597 /* CoreTextImageData.m */,
			);
			name = Model;
			sourceTree = "<group>";
		};
		75D35AF51EBD4B27007B5AAA = {
			isa = PBXGroup;
			children = (
				75B7B03E1EBEC7A0008DE005 /* PrefixHeader.pch */,
				75D35B001EBD4B28007B5AAA /* CoreText1.0 */,
				75D35AFF1EBD4B28007B5AAA /* Products */,
			);
			sourceTree = "<group>";
		};
		75D35AFF1EBD4B28007B5AAA /* Products */ = {
			isa = PBXGroup;
			children = (
				75D35AFE1EBD4B28007B5AAA /* CoreText1.0.app */,
			);
			name = Products;
			sourceTree = "<group>";
		};
		75D35B001EBD4B28007B5AAA /* CoreText1.0 */ = {
			isa = PBXGroup;
			children = (
				755FFB661EC2A34200639597 /* View */,
				755FFB651EC2A32A00639597 /* Controller */,
				75B7B0441EBED054008DE005 /* Model */,
				75B7B03F1EBEC9AE008DE005 /* Category */,
				75D35B041EBD4B28007B5AAA /* AppDelegate.h */,
				75D35B051EBD4B28007B5AAA /* AppDelegate.m */,
				758E44531EBF3ED8003E3ED2 /* content.json */,
				75D35B0A1EBD4B28007B5AAA /* Main.storyboard */,
				75D35B0D1EBD4B28007B5AAA /* Assets.xcassets */,
				75D35B0F1EBD4B28007B5AAA /* LaunchScreen.storyboard */,
				75D35B121EBD4B28007B5AAA /* Info.plist */,
				75D35B011EBD4B28007B5AAA /* Supporting Files */,
			);
			path = CoreText1.0;
			sourceTree = "<group>";
		};
		75D35B011EBD4B28007B5AAA /* Supporting Files */ = {
			isa = PBXGroup;
			children = (
				75D35B021EBD4B28007B5AAA /* main.m */,
			);
			name = "Supporting Files";
			sourceTree = "<group>";
		};
/* End PBXGroup section */

/* Begin PBXNativeTarget section */
		75D35AFD1EBD4B28007B5AAA /* CoreText1.0 */ = {
			isa = PBXNativeTarget;
			buildConfigurationList = 75D35B151EBD4B28007B5AAA /* Build configuration list for PBXNativeTarget "CoreText1.0" */;
			buildPhases = (
				75D35AFA1EBD4B28007B5AAA /* Sources */,
				75D35AFB1EBD4B28007B5AAA /* Frameworks */,
				75D35AFC1EBD4B28007B5AAA /* Resources */,
			);
			buildRules = (
			);
			dependencies = (
			);
			name = CoreText1.0;
			productName = CoreText1.0;
			productReference = 75D35AFE1EBD4B28007B5AAA /* CoreText1.0.app */;
			productType = "com.apple.product-type.application";
		};
/* End PBXNativeTarget section */

/* Begin PBXProject section */
		75D35AF61EBD4B27007B5AAA /* Project object */ = {
			isa = PBXProject;
			attributes = {
				LastUpgradeCheck = 0830;
				ORGANIZATIONNAME = yejunyou;
				TargetAttributes = {
					75D35AFD1EBD4B28007B5AAA = {
						CreatedOnToolsVersion = 8.3;
						DevelopmentTeam = CZD89388LH;
						ProvisioningStyle = Automatic;
					};
				};
			};
			buildConfigurationList = 75D35AF91EBD4B27007B5AAA /* Build configuration list for PBXProject "CoreText1.0" */;
			compatibilityVersion = "Xcode 3.2";
			developmentRegion = English;
			hasScannedForEncodings = 0;
			knownRegions = (
				en,
				Base,
			);
			mainGroup = 75D35AF51EBD4B27007B5AAA;
			productRefGroup = 75D35AFF1EBD4B28007B5AAA /* Products */;
			projectDirPath = "";
			projectRoot = "";
			targets = (
				75D35AFD1EBD4B28007B5AAA /* CoreText1.0 */,
			);
		};
/* End PBXProject section */

/* Begin PBXResourcesBuildPhase section */
		75D35AFC1EBD4B28007B5AAA /* Resources */ = {
			isa = PBXResourcesBuildPhase;
			buildActionMask = 2147483647;
			files = (
				75D35B111EBD4B28007B5AAA /* LaunchScreen.storyboard in Resources */,
				75D35B0E1EBD4B28007B5AAA /* Assets.xcassets in Resources */,
				75D35B0C1EBD4B28007B5AAA /* Main.storyboard in Resources */,
				758E44541EBF3ED8003E3ED2 /* content.json in Resources */,
			);
			runOnlyForDeploymentPostprocessing = 0;
		};
/* End PBXResourcesBuildPhase section */

/* Begin PBXSourcesBuildPhase section */
		75D35AFA1EBD4B28007B5AAA /* Sources */ = {
			isa = PBXSourcesBuildPhase;
			buildActionMask = 2147483647;
			files = (
				755FFB691EC2A99600639597 /* CoreTextImageData.m in Sources */,
				75B7B0471EBED086008DE005 /* YYFrameParserConfig.m in Sources */,
				75B7B0431EBECA03008DE005 /* NSObject+FrameAdjust.m in Sources */,
				75B7B04A1EBED0C6008DE005 /* YYFrameParser.m in Sources */,
				75D35B091EBD4B28007B5AAA /* ViewController.m in Sources */,
				75D35B1A1EBD4B3F007B5AAA /* DisplayView.m in Sources */,
				758E44571EBF40C6003E3ED2 /* DisplayTextView.m in Sources */,
				758E445A1EBF4241003E3ED2 /* DisplayTextField.m in Sources */,
				758E44521EBEE406003E3ED2 /* YYCoreTextData.m in Sources */,
				75D35B061EBD4B28007B5AAA /* AppDelegate.m in Sources */,
				75D35B031EBD4B28007B5AAA /* main.m in Sources */,
			);
			runOnlyForDeploymentPostprocessing = 0;
		};
/* End PBXSourcesBuildPhase section */

/* Begin PBXVariantGroup section */
		75D35B0A1EBD4B28007B5AAA /* Main.storyboard */ = {
			isa = PBXVariantGroup;
			children = (
				75D35B0B1EBD4B28007B5AAA /* Base */,
			);
			name = Main.storyboard;
			sourceTree = "<group>";
		};
		75D35B0F1EBD4B28007B5AAA /* LaunchScreen.storyboard */ = {
			isa = PBXVariantGroup;
			children = (
				75D35B101EBD4B28007B5AAA /* Base */,
			);
			name = LaunchScreen.storyboard;
			sourceTree = "<group>";
		};
/* End PBXVariantGroup section */

/* Begin XCBuildConfiguration section */
		75D35B131EBD4B28007B5AAA /* Debug */ = {
			isa = XCBuildConfiguration;
			buildSettings = {
				ALWAYS_SEARCH_USER_PATHS = NO;
				CLANG_ANALYZER_NONNULL = YES;
				CLANG_ANALYZER_NUMBER_OBJECT_CONVERSION = YES_AGGRESSIVE;
				CLANG_CXX_LANGUAGE_STANDARD = "gnu++0x";
				CLANG_CXX_LIBRARY = "libc++";
				CLANG_ENABLE_MODULES = YES;
				CLANG_ENABLE_OBJC_ARC = YES;
				CLANG_WARN_BOOL_CONVERSION = YES;
				CLANG_WARN_CONSTANT_CONVERSION = YES;
				CLANG_WARN_DIRECT_OBJC_ISA_USAGE = YES_ERROR;
				CLANG_WARN_DOCUMENTATION_COMMENTS = YES;
				CLANG_WARN_EMPTY_BODY = YES;
				CLANG_WARN_ENUM_CONVERSION = YES;
				CLANG_WARN_INFINITE_RECURSION = YES;
				CLANG_WARN_INT_CONVERSION = YES;
				CLANG_WARN_OBJC_ROOT_CLASS = YES_ERROR;
				CLANG_WARN_SUSPICIOUS_MOVE = YES;
				CLANG_WARN_UNREACHABLE_CODE = YES;
				CLANG_WARN__DUPLICATE_METHOD_MATCH = YES;
				"CODE_SIGN_IDENTITY[sdk=iphoneos*]" = "iPhone Developer";
				COPY_PHASE_STRIP = NO;
				DEBUG_INFORMATION_FORMAT = dwarf;
				ENABLE_STRICT_OBJC_MSGSEND = YES;
				ENABLE_TESTABILITY = YES;
				GCC_C_LANGUAGE_STANDARD = gnu99;
				GCC_DYNAMIC_NO_PIC = NO;
				GCC_NO_COMMON_BLOCKS = YES;
				GCC_OPTIMIZATION_LEVEL = 0;
				GCC_PREPROCESSOR_DEFINITIONS = (
					"DEBUG=1",
					"$(inherited)",
				);
				GCC_WARN_64_TO_32_BIT_CONVERSION = YES;
				GCC_WARN_ABOUT_RETURN_TYPE = YES_ERROR;
				GCC_WARN_UNDECLARED_SELECTOR = YES;
				GCC_WARN_UNINITIALIZED_AUTOS = YES_AGGRESSIVE;
				GCC_WARN_UNUSED_FUNCTION = YES;
				GCC_WARN_UNUSED_VARIABLE = YES;
				IPHONEOS_DEPLOYMENT_TARGET = 10.3;
				MTL_ENABLE_DEBUG_INFO = YES;
				ONLY_ACTIVE_ARCH = YES;
				SDKROOT = iphoneos;
			};
			name = Debug;
		};
		75D35B141EBD4B28007B5AAA /* Release */ = {
			isa = XCBuildConfiguration;
			buildSettings = {
				ALWAYS_SEARCH_USER_PATHS = NO;
				CLANG_ANALYZER_NONNULL = YES;
				CLANG_ANALYZER_NUMBER_OBJECT_CONVERSION = YES_AGGRESSIVE;
				CLANG_CXX_LANGUAGE_STANDARD = "gnu++0x";
				CLANG_CXX_LIBRARY = "libc++";
				CLANG_ENABLE_MODULES = YES;
				CLANG_ENABLE_OBJC_ARC = YES;
				CLANG_WARN_BOOL_CONVERSION = YES;
				CLANG_WARN_CONSTANT_CONVERSION = YES;
				CLANG_WARN_DIRECT_OBJC_ISA_USAGE = YES_ERROR;
				CLANG_WARN_DOCUMENTATION_COMMENTS = YES;
				CLANG_WARN_EMPTY_BODY = YES;
				CLANG_WARN_ENUM_CONVERSION = YES;
				CLANG_WARN_INFINITE_RECURSION = YES;
				CLANG_WARN_INT_CONVERSION = YES;
				CLANG_WARN_OBJC_ROOT_CLASS = YES_ERROR;
				CLANG_WARN_SUSPICIOUS_MOVE = YES;
				CLANG_WARN_UNREACHABLE_CODE = YES;
				CLANG_WARN__DUPLICATE_METHOD_MATCH = YES;
				"CODE_SIGN_IDENTITY[sdk=iphoneos*]" = "iPhone Developer";
				COPY_PHASE_STRIP = NO;
				DEBUG_INFORMATION_FORMAT = "dwarf-with-dsym";
				ENABLE_NS_ASSERTIONS = NO;
				ENABLE_STRICT_OBJC_MSGSEND = YES;
				GCC_C_LANGUAGE_STANDARD = gnu99;
				GCC_NO_COMMON_BLOCKS = YES;
				GCC_WARN_64_TO_32_BIT_CONVERSION = YES;
				GCC_WARN_ABOUT_RETURN_TYPE = YES_ERROR;
				GCC_WARN_UNDECLARED_SELECTOR = YES;
				GCC_WARN_UNINITIALIZED_AUTOS = YES_AGGRESSIVE;
				GCC_WARN_UNUSED_FUNCTION = YES;
				GCC_WARN_UNUSED_VARIABLE = YES;
				IPHONEOS_DEPLOYMENT_TARGET = 10.3;
				MTL_ENABLE_DEBUG_INFO = NO;
				SDKROOT = iphoneos;
				VALIDATE_PRODUCT = YES;
			};
			name = Release;
		};
		75D35B161EBD4B28007B5AAA /* Debug */ = {
			isa = XCBuildConfiguration;
			buildSettings = {
				ASSETCATALOG_COMPILER_APPICON_NAME = AppIcon;
				DEVELOPMENT_TEAM = CZD89388LH;
				GCC_PREFIX_HEADER = /Users/yejunyou/Desktop/CoreText1.0/PrefixHeader.pch;
				INFOPLIST_FILE = CoreText1.0/Info.plist;
				IPHONEOS_DEPLOYMENT_TARGET = 8.0;
				LD_RUNPATH_SEARCH_PATHS = "$(inherited) @executable_path/Frameworks";
				PRODUCT_BUNDLE_IDENTIFIER = "From-Future.CoreText1-0";
				PRODUCT_NAME = "$(TARGET_NAME)";
			};
			name = Debug;
		};
		75D35B171EBD4B28007B5AAA /* Release */ = {
			isa = XCBuildConfiguration;
			buildSettings = {
				ASSETCATALOG_COMPILER_APPICON_NAME = AppIcon;
				DEVELOPMENT_TEAM = CZD89388LH;
				GCC_PREFIX_HEADER = /Users/yejunyou/Desktop/CoreText1.0/PrefixHeader.pch;
				INFOPLIST_FILE = CoreText1.0/Info.plist;
				IPHONEOS_DEPLOYMENT_TARGET = 8.0;
				LD_RUNPATH_SEARCH_PATHS = "$(inherited) @executable_path/Frameworks";
				PRODUCT_BUNDLE_IDENTIFIER = "From-Future.CoreText1-0";
				PRODUCT_NAME = "$(TARGET_NAME)";
			};
			name = Release;
		};
/* End XCBuildConfiguration section */

/* Begin XCConfigurationList section */
		75D35AF91EBD4B27007B5AAA /* Build configuration list for PBXProject "CoreText1.0" */ = {
			isa = XCConfigurationList;
			buildConfigurations = (
				75D35B131EBD4B28007B5AAA /* Debug */,
				75D35B141EBD4B28007B5AAA /* Release */,
			);
			defaultConfigurationIsVisible = 0;
			defaultConfigurationName = Release;
		};
		75D35B151EBD4B28007B5AAA /* Build configuration list for PBXNativeTarget "CoreText1.0" */ = {
			isa = XCConfigurationList;
			buildConfigurations = (
				75D35B161EBD4B28007B5AAA /* Debug */,
				75D35B171EBD4B28007B5AAA /* Release */,
			);
			defaultConfigurationIsVisible = 0;
			defaultConfigurationName = Release;
		};
/* End XCConfigurationList section */
	};
	rootObject = 75D35AF61EBD4B27007B5AAA /* Project object */;
}
